// !$*UTF8*$!
{
	archiveVersion = 1;
	classes = {
	};
	objectVersion = 46;
	objects = {

/* Begin PBXBuildFile section */
		9124E1C31F8BF27100B50F6C /* WaterfallShaders.metal in Sources */ = {isa = PBXBuildFile; fileRef = 9124E1C21F8BF27100B50F6C /* WaterfallShaders.metal */; };
		91329A8C1F4F52410095DAE2 /* Gradient.swift in Sources */ = {isa = PBXBuildFile; fileRef = 91329A8B1F4F52410095DAE2 /* Gradient.swift */; };
		916CF6C91F89B04000AE4ABA /* WaterfallViewController.swift in Sources */ = {isa = PBXBuildFile; fileRef = 916CF6C81F89B04000AE4ABA /* WaterfallViewController.swift */; };
		916CF6CB1F89B14000AE4ABA /* WaterfallView.swift in Sources */ = {isa = PBXBuildFile; fileRef = 916CF6CA1F89B14000AE4ABA /* WaterfallView.swift */; };
		916CF6CD1F89B32900AE4ABA /* WaterfallLayer.swift in Sources */ = {isa = PBXBuildFile; fileRef = 916CF6CC1F89B32900AE4ABA /* WaterfallLayer.swift */; };
		916CF6CF1F89B35A00AE4ABA /* TimeLayer.swift in Sources */ = {isa = PBXBuildFile; fileRef = 916CF6CE1F89B35A00AE4ABA /* TimeLayer.swift */; };
		916D51361F75A63900F1117B /* AudioLibrary.framework in Embed Frameworks */ = {isa = PBXBuildFile; fileRef = 91C2067E1F67811500581284 /* AudioLibrary.framework */; settings = {ATTRIBUTES = (RemoveHeadersOnCopy, ); }; };
		916D51371F75A63900F1117B /* ObjcExceptionBridging.framework in Embed Frameworks */ = {isa = PBXBuildFile; fileRef = 91C2067F1F67811500581284 /* ObjcExceptionBridging.framework */; settings = {ATTRIBUTES = (RemoveHeadersOnCopy, ); }; };
		916D51381F75A63900F1117B /* OpusOSX.framework in Embed Frameworks */ = {isa = PBXBuildFile; fileRef = 91C206801F67811500581284 /* OpusOSX.framework */; settings = {ATTRIBUTES = (RemoveHeadersOnCopy, ); }; };
		916D51391F75A63900F1117B /* SwiftyUserDefaults.framework in Embed Frameworks */ = {isa = PBXBuildFile; fileRef = 91C206811F67811500581284 /* SwiftyUserDefaults.framework */; settings = {ATTRIBUTES = (RemoveHeadersOnCopy, ); }; };
		916D513A1F75A63900F1117B /* XCGLogger.framework in Embed Frameworks */ = {isa = PBXBuildFile; fileRef = 91C206821F67811500581284 /* XCGLogger.framework */; settings = {ATTRIBUTES = (RemoveHeadersOnCopy, ); }; };
		916D513B1F75A63900F1117B /* xLib6000.framework in Embed Frameworks */ = {isa = PBXBuildFile; fileRef = 91C206831F67811500581284 /* xLib6000.framework */; settings = {ATTRIBUTES = (RemoveHeadersOnCopy, ); }; };
		9172DC931F86CA030001C58C /* PanadapterView.swift in Sources */ = {isa = PBXBuildFile; fileRef = 9172DC921F86CA030001C58C /* PanadapterView.swift */; };
		91B3D30B1F915DDD003132CB /* BlackTexture.png in Resources */ = {isa = PBXBuildFile; fileRef = 91B3D30A1F915DDD003132CB /* BlackTexture.png */; };
		91E1705D1F8280FD009E7DF3 /* SliceLayer.swift in Sources */ = {isa = PBXBuildFile; fileRef = 91E170571F8280FD009E7DF3 /* SliceLayer.swift */; };
		91E1705E1F8280FD009E7DF3 /* TnfLayer.swift in Sources */ = {isa = PBXBuildFile; fileRef = 91E170581F8280FD009E7DF3 /* TnfLayer.swift */; };
		91E1705F1F8280FD009E7DF3 /* PanadapterLayer.swift in Sources */ = {isa = PBXBuildFile; fileRef = 91E170591F8280FD009E7DF3 /* PanadapterLayer.swift */; };
		91E170601F8280FD009E7DF3 /* PanadapterShaders.metal in Sources */ = {isa = PBXBuildFile; fileRef = 91E1705A1F8280FD009E7DF3 /* PanadapterShaders.metal */; };
		91E170611F8280FD009E7DF3 /* DbLayer.swift in Sources */ = {isa = PBXBuildFile; fileRef = 91E1705B1F8280FD009E7DF3 /* DbLayer.swift */; };
		91E170621F8280FD009E7DF3 /* PanadapterViewController.swift in Sources */ = {isa = PBXBuildFile; fileRef = 91E1705C1F8280FD009E7DF3 /* PanadapterViewController.swift */; };
		91E170641F82814B009E7DF3 /* FrequencyLayer.swift in Sources */ = {isa = PBXBuildFile; fileRef = 91E170631F82814B009E7DF3 /* FrequencyLayer.swift */; };
		91FADDEA1F4A74FB00DEC52B /* AppDelegate.swift in Sources */ = {isa = PBXBuildFile; fileRef = 91FADDE61F4A74FB00DEC52B /* AppDelegate.swift */; };
		91FADDEB1F4A74FB00DEC52B /* Extensions.swift in Sources */ = {isa = PBXBuildFile; fileRef = 91FADDE71F4A74FB00DEC52B /* Extensions.swift */; };
		91FADDF01F4A754100DEC52B /* MainWindowController.swift in Sources */ = {isa = PBXBuildFile; fileRef = 91FADDED1F4A754100DEC52B /* MainWindowController.swift */; };
		91FADDF11F4A754100DEC52B /* RadioPickerViewController.swift in Sources */ = {isa = PBXBuildFile; fileRef = 91FADDEE1F4A754100DEC52B /* RadioPickerViewController.swift */; };
		91FADDF21F4A754100DEC52B /* RadioViewController.swift in Sources */ = {isa = PBXBuildFile; fileRef = 91FADDEF1F4A754100DEC52B /* RadioViewController.swift */; };
		91FADDF81F4A75AE00DEC52B /* FlagViewController.swift in Sources */ = {isa = PBXBuildFile; fileRef = 91FADDF31F4A75AE00DEC52B /* FlagViewController.swift */; };
		91FADDF91F4A75AE00DEC52B /* PanafallButtonView.swift in Sources */ = {isa = PBXBuildFile; fileRef = 91FADDF41F4A75AE00DEC52B /* PanafallButtonView.swift */; };
		91FADDFA1F4A75AE00DEC52B /* PanafallButtonViewController.swift in Sources */ = {isa = PBXBuildFile; fileRef = 91FADDF51F4A75AE00DEC52B /* PanafallButtonViewController.swift */; };
		91FADDFB1F4A75AE00DEC52B /* PanafallsViewController.swift in Sources */ = {isa = PBXBuildFile; fileRef = 91FADDF61F4A75AE00DEC52B /* PanafallsViewController.swift */; };
		91FADDFC1F4A75AE00DEC52B /* PanafallViewController.swift in Sources */ = {isa = PBXBuildFile; fileRef = 91FADDF71F4A75AE00DEC52B /* PanafallViewController.swift */; };
		91FADDFE1F4A763300DEC52B /* BandButtonViewController.swift in Sources */ = {isa = PBXBuildFile; fileRef = 91FADDFD1F4A763300DEC52B /* BandButtonViewController.swift */; };
		91FADE041F4A765A00DEC52B /* PCWViewController.swift in Sources */ = {isa = PBXBuildFile; fileRef = 91FADDFF1F4A765A00DEC52B /* PCWViewController.swift */; };
		91FADE051F4A765A00DEC52B /* PhoneViewController.swift in Sources */ = {isa = PBXBuildFile; fileRef = 91FADE001F4A765A00DEC52B /* PhoneViewController.swift */; };
		91FADE061F4A765A00DEC52B /* RxViewController.swift in Sources */ = {isa = PBXBuildFile; fileRef = 91FADE011F4A765A00DEC52B /* RxViewController.swift */; };
		91FADE071F4A765A00DEC52B /* Side.storyboard in Resources */ = {isa = PBXBuildFile; fileRef = 91FADE021F4A765A00DEC52B /* Side.storyboard */; };
		91FADE081F4A765A00DEC52B /* SideViewController.swift in Sources */ = {isa = PBXBuildFile; fileRef = 91FADE031F4A765A00DEC52B /* SideViewController.swift */; };
		91FADE0A1F4A769400DEC52B /* EqViewController.swift in Sources */ = {isa = PBXBuildFile; fileRef = 91FADE091F4A769400DEC52B /* EqViewController.swift */; };
		91FADE1B1F4A76FB00DEC52B /* ColorsViewController.swift in Sources */ = {isa = PBXBuildFile; fileRef = 91FADE191F4A76FB00DEC52B /* ColorsViewController.swift */; };
		91FADE1C1F4A76FB00DEC52B /* PreferencesTabViewController.swift in Sources */ = {isa = PBXBuildFile; fileRef = 91FADE1A1F4A76FB00DEC52B /* PreferencesTabViewController.swift */; };
		91FADE1E1F4A771800DEC52B /* FlagViewController.xib in Resources */ = {isa = PBXBuildFile; fileRef = 91FADE1D1F4A771800DEC52B /* FlagViewController.xib */; };
		91FADE261F4A775400DEC52B /* Basic.tex in Resources */ = {isa = PBXBuildFile; fileRef = 91FADE1F1F4A775400DEC52B /* Basic.tex */; };
		91FADE271F4A775400DEC52B /* Dark.tex in Resources */ = {isa = PBXBuildFile; fileRef = 91FADE201F4A775400DEC52B /* Dark.tex */; };
		91FADE281F4A775400DEC52B /* Deuteranopia.tex in Resources */ = {isa = PBXBuildFile; fileRef = 91FADE211F4A775400DEC52B /* Deuteranopia.tex */; };
		91FADE291F4A775400DEC52B /* Grayscale.tex in Resources */ = {isa = PBXBuildFile; fileRef = 91FADE221F4A775400DEC52B /* Grayscale.tex */; };
		91FADE2A1F4A775400DEC52B /* Purple.tex in Resources */ = {isa = PBXBuildFile; fileRef = 91FADE231F4A775400DEC52B /* Purple.tex */; };
		91FADE2B1F4A775400DEC52B /* Tritanopia.tex in Resources */ = {isa = PBXBuildFile; fileRef = 91FADE241F4A775400DEC52B /* Tritanopia.tex */; };
		91FADE321F4A778700DEC52B /* OpenGLTools.swift in Sources */ = {isa = PBXBuildFile; fileRef = 91FADE2D1F4A778700DEC52B /* OpenGLTools.swift */; };
		91FADE331F4A778700DEC52B /* Panadapter.fsh in Resources */ = {isa = PBXBuildFile; fileRef = 91FADE2E1F4A778700DEC52B /* Panadapter.fsh */; };
		91FADE341F4A778700DEC52B /* Panadapter.vsh in Resources */ = {isa = PBXBuildFile; fileRef = 91FADE2F1F4A778700DEC52B /* Panadapter.vsh */; };
		91FADE351F4A778700DEC52B /* Waterfall.fsh in Resources */ = {isa = PBXBuildFile; fileRef = 91FADE301F4A778700DEC52B /* Waterfall.fsh */; };
		91FADE361F4A778700DEC52B /* Waterfall.vsh in Resources */ = {isa = PBXBuildFile; fileRef = 91FADE311F4A778700DEC52B /* Waterfall.vsh */; };
		91FADE381F4A77A200DEC52B /* Assets.xcassets in Resources */ = {isa = PBXBuildFile; fileRef = 91FADE371F4A77A200DEC52B /* Assets.xcassets */; };
		91FADE521F4A781800DEC52B /* OpusManager.swift in Sources */ = {isa = PBXBuildFile; fileRef = 91FADE501F4A781800DEC52B /* OpusManager.swift */; };
		91FADE531F4A781800DEC52B /* ParameterMonitor.swift in Sources */ = {isa = PBXBuildFile; fileRef = 91FADE511F4A781800DEC52B /* ParameterMonitor.swift */; };
		91FADE561F4A782F00DEC52B /* Band.swift in Sources */ = {isa = PBXBuildFile; fileRef = 91FADE541F4A782F00DEC52B /* Band.swift */; };
		91FADE571F4A782F00DEC52B /* BandSegments.plist in Resources */ = {isa = PBXBuildFile; fileRef = 91FADE551F4A782F00DEC52B /* BandSegments.plist */; };
		91FADE5A1F4A784300DEC52B /* Defaults.plist in Resources */ = {isa = PBXBuildFile; fileRef = 91FADE581F4A784300DEC52B /* Defaults.plist */; };
		91FADE5B1F4A784300DEC52B /* Filters.plist in Resources */ = {isa = PBXBuildFile; fileRef = 91FADE591F4A784300DEC52B /* Filters.plist */; };
		91FADE5E1F4A7A2400DEC52B /* Main.storyboard in Resources */ = {isa = PBXBuildFile; fileRef = 91FADE5C1F4A7A2400DEC52B /* Main.storyboard */; };
		91FADE611F4A7A3E00DEC52B /* Panafall.storyboard in Resources */ = {isa = PBXBuildFile; fileRef = 91FADE5F1F4A7A3E00DEC52B /* Panafall.storyboard */; };
		91FADE641F4A7A4F00DEC52B /* Preferences.storyboard in Resources */ = {isa = PBXBuildFile; fileRef = 91FADE621F4A7A4F00DEC52B /* Preferences.storyboard */; };
/* End PBXBuildFile section */

/* Begin PBXCopyFilesBuildPhase section */
		917281161EDDFF1100E6B708 /* Embed Frameworks */ = {
			isa = PBXCopyFilesBuildPhase;
			buildActionMask = 2147483647;
			dstPath = "";
			dstSubfolderSpec = 10;
			files = (
				916D51361F75A63900F1117B /* AudioLibrary.framework in Embed Frameworks */,
				916D51371F75A63900F1117B /* ObjcExceptionBridging.framework in Embed Frameworks */,
				916D51381F75A63900F1117B /* OpusOSX.framework in Embed Frameworks */,
				916D51391F75A63900F1117B /* SwiftyUserDefaults.framework in Embed Frameworks */,
				916D513A1F75A63900F1117B /* XCGLogger.framework in Embed Frameworks */,
				916D513B1F75A63900F1117B /* xLib6000.framework in Embed Frameworks */,
			);
			name = "Embed Frameworks";
			runOnlyForDeploymentPostprocessing = 0;
		};
/* End PBXCopyFilesBuildPhase section */

/* Begin PBXFileReference section */
		9124E1C21F8BF27100B50F6C /* WaterfallShaders.metal */ = {isa = PBXFileReference; lastKnownFileType = sourcecode.metal; name = WaterfallShaders.metal; path = xSDR6000/Sources/Waterfall/WaterfallShaders.metal; sourceTree = SOURCE_ROOT; };
		91329A8B1F4F52410095DAE2 /* Gradient.swift */ = {isa = PBXFileReference; fileEncoding = 4; lastKnownFileType = sourcecode.swift; name = Gradient.swift; path = xSDR6000/Sources/Gradients/Gradient.swift; sourceTree = SOURCE_ROOT; };
		916CF6C81F89B04000AE4ABA /* WaterfallViewController.swift */ = {isa = PBXFileReference; fileEncoding = 4; lastKnownFileType = sourcecode.swift; name = WaterfallViewController.swift; path = xSDR6000/Sources/Waterfall/WaterfallViewController.swift; sourceTree = SOURCE_ROOT; };
		916CF6CA1F89B14000AE4ABA /* WaterfallView.swift */ = {isa = PBXFileReference; lastKnownFileType = sourcecode.swift; name = WaterfallView.swift; path = xSDR6000/Sources/Waterfall/WaterfallView.swift; sourceTree = SOURCE_ROOT; };
		916CF6CC1F89B32900AE4ABA /* WaterfallLayer.swift */ = {isa = PBXFileReference; lastKnownFileType = sourcecode.swift; name = WaterfallLayer.swift; path = xSDR6000/Sources/Waterfall/WaterfallLayer.swift; sourceTree = SOURCE_ROOT; };
		916CF6CE1F89B35A00AE4ABA /* TimeLayer.swift */ = {isa = PBXFileReference; lastKnownFileType = sourcecode.swift; name = TimeLayer.swift; path = xSDR6000/Sources/Waterfall/TimeLayer.swift; sourceTree = SOURCE_ROOT; };
		9172DC921F86CA030001C58C /* PanadapterView.swift */ = {isa = PBXFileReference; fileEncoding = 4; lastKnownFileType = sourcecode.swift; name = PanadapterView.swift; path = xSDR6000/Sources/Panadapter/PanadapterView.swift; sourceTree = SOURCE_ROOT; };
		91B16FD71CDF7F5E00600E02 /* xSDR6000.app */ = {isa = PBXFileReference; explicitFileType = wrapper.application; includeInIndex = 0; path = xSDR6000.app; sourceTree = BUILT_PRODUCTS_DIR; };
		91B3D30A1F915DDD003132CB /* BlackTexture.png */ = {isa = PBXFileReference; lastKnownFileType = image.png; path = BlackTexture.png; sourceTree = "<group>"; };
		91C2067E1F67811500581284 /* AudioLibrary.framework */ = {isa = PBXFileReference; lastKnownFileType = wrapper.framework; path = AudioLibrary.framework; sourceTree = "<group>"; };
		91C2067F1F67811500581284 /* ObjcExceptionBridging.framework */ = {isa = PBXFileReference; lastKnownFileType = wrapper.framework; path = ObjcExceptionBridging.framework; sourceTree = "<group>"; };
		91C206801F67811500581284 /* OpusOSX.framework */ = {isa = PBXFileReference; lastKnownFileType = wrapper.framework; path = OpusOSX.framework; sourceTree = "<group>"; };
		91C206811F67811500581284 /* SwiftyUserDefaults.framework */ = {isa = PBXFileReference; lastKnownFileType = wrapper.framework; path = SwiftyUserDefaults.framework; sourceTree = "<group>"; };
		91C206821F67811500581284 /* XCGLogger.framework */ = {isa = PBXFileReference; lastKnownFileType = wrapper.framework; path = XCGLogger.framework; sourceTree = "<group>"; };
		91C206831F67811500581284 /* xLib6000.framework */ = {isa = PBXFileReference; lastKnownFileType = wrapper.framework; path = xLib6000.framework; sourceTree = "<group>"; };
		91E170571F8280FD009E7DF3 /* SliceLayer.swift */ = {isa = PBXFileReference; fileEncoding = 4; lastKnownFileType = sourcecode.swift; name = SliceLayer.swift; path = xSDR6000/Sources/Panadapter/SliceLayer.swift; sourceTree = SOURCE_ROOT; };
		91E170581F8280FD009E7DF3 /* TnfLayer.swift */ = {isa = PBXFileReference; fileEncoding = 4; lastKnownFileType = sourcecode.swift; name = TnfLayer.swift; path = xSDR6000/Sources/Panadapter/TnfLayer.swift; sourceTree = SOURCE_ROOT; };
		91E170591F8280FD009E7DF3 /* PanadapterLayer.swift */ = {isa = PBXFileReference; fileEncoding = 4; lastKnownFileType = sourcecode.swift; name = PanadapterLayer.swift; path = xSDR6000/Sources/Panadapter/PanadapterLayer.swift; sourceTree = SOURCE_ROOT; };
		91E1705A1F8280FD009E7DF3 /* PanadapterShaders.metal */ = {isa = PBXFileReference; fileEncoding = 4; lastKnownFileType = sourcecode.metal; name = PanadapterShaders.metal; path = xSDR6000/Sources/Panadapter/PanadapterShaders.metal; sourceTree = SOURCE_ROOT; };
		91E1705B1F8280FD009E7DF3 /* DbLayer.swift */ = {isa = PBXFileReference; fileEncoding = 4; lastKnownFileType = sourcecode.swift; name = DbLayer.swift; path = xSDR6000/Sources/Panadapter/DbLayer.swift; sourceTree = SOURCE_ROOT; };
		91E1705C1F8280FD009E7DF3 /* PanadapterViewController.swift */ = {isa = PBXFileReference; fileEncoding = 4; lastKnownFileType = sourcecode.swift; name = PanadapterViewController.swift; path = xSDR6000/Sources/Panadapter/PanadapterViewController.swift; sourceTree = SOURCE_ROOT; };
		91E170631F82814B009E7DF3 /* FrequencyLayer.swift */ = {isa = PBXFileReference; fileEncoding = 4; lastKnownFileType = sourcecode.swift; name = FrequencyLayer.swift; path = xSDR6000/Sources/Panadapter/FrequencyLayer.swift; sourceTree = SOURCE_ROOT; };
		91FADDE61F4A74FB00DEC52B /* AppDelegate.swift */ = {isa = PBXFileReference; fileEncoding = 4; lastKnownFileType = sourcecode.swift; lineEnding = 0; name = AppDelegate.swift; path = xSDR6000/AppDelegate.swift; sourceTree = SOURCE_ROOT; xcLanguageSpecificationIdentifier = xcode.lang.swift; };
		91FADDE71F4A74FB00DEC52B /* Extensions.swift */ = {isa = PBXFileReference; fileEncoding = 4; lastKnownFileType = sourcecode.swift; lineEnding = 0; name = Extensions.swift; path = xSDR6000/Extensions.swift; sourceTree = SOURCE_ROOT; xcLanguageSpecificationIdentifier = xcode.lang.swift; };
		91FADDE81F4A74FB00DEC52B /* Info.plist */ = {isa = PBXFileReference; fileEncoding = 4; lastKnownFileType = text.plist.xml; name = Info.plist; path = xSDR6000/Info.plist; sourceTree = SOURCE_ROOT; };
		91FADDED1F4A754100DEC52B /* MainWindowController.swift */ = {isa = PBXFileReference; fileEncoding = 4; lastKnownFileType = sourcecode.swift; lineEnding = 0; name = MainWindowController.swift; path = xSDR6000/Sources/Radio/MainWindowController.swift; sourceTree = SOURCE_ROOT; xcLanguageSpecificationIdentifier = xcode.lang.swift; };
		91FADDEE1F4A754100DEC52B /* RadioPickerViewController.swift */ = {isa = PBXFileReference; fileEncoding = 4; lastKnownFileType = sourcecode.swift; lineEnding = 0; name = RadioPickerViewController.swift; path = xSDR6000/Sources/Radio/RadioPickerViewController.swift; sourceTree = SOURCE_ROOT; xcLanguageSpecificationIdentifier = xcode.lang.swift; };
		91FADDEF1F4A754100DEC52B /* RadioViewController.swift */ = {isa = PBXFileReference; fileEncoding = 4; lastKnownFileType = sourcecode.swift; lineEnding = 0; name = RadioViewController.swift; path = xSDR6000/Sources/Radio/RadioViewController.swift; sourceTree = SOURCE_ROOT; xcLanguageSpecificationIdentifier = xcode.lang.swift; };
		91FADDF31F4A75AE00DEC52B /* FlagViewController.swift */ = {isa = PBXFileReference; fileEncoding = 4; lastKnownFileType = sourcecode.swift; lineEnding = 0; name = FlagViewController.swift; path = xSDR6000/Sources/Panafall/FlagViewController.swift; sourceTree = SOURCE_ROOT; xcLanguageSpecificationIdentifier = xcode.lang.swift; };
		91FADDF41F4A75AE00DEC52B /* PanafallButtonView.swift */ = {isa = PBXFileReference; fileEncoding = 4; lastKnownFileType = sourcecode.swift; lineEnding = 0; name = PanafallButtonView.swift; path = xSDR6000/Sources/Panafall/PanafallButtonView.swift; sourceTree = SOURCE_ROOT; xcLanguageSpecificationIdentifier = xcode.lang.swift; };
		91FADDF51F4A75AE00DEC52B /* PanafallButtonViewController.swift */ = {isa = PBXFileReference; fileEncoding = 4; lastKnownFileType = sourcecode.swift; lineEnding = 0; name = PanafallButtonViewController.swift; path = xSDR6000/Sources/Panafall/PanafallButtonViewController.swift; sourceTree = SOURCE_ROOT; xcLanguageSpecificationIdentifier = xcode.lang.swift; };
		91FADDF61F4A75AE00DEC52B /* PanafallsViewController.swift */ = {isa = PBXFileReference; fileEncoding = 4; lastKnownFileType = sourcecode.swift; lineEnding = 0; name = PanafallsViewController.swift; path = xSDR6000/Sources/Panafall/PanafallsViewController.swift; sourceTree = SOURCE_ROOT; xcLanguageSpecificationIdentifier = xcode.lang.swift; };
		91FADDF71F4A75AE00DEC52B /* PanafallViewController.swift */ = {isa = PBXFileReference; fileEncoding = 4; lastKnownFileType = sourcecode.swift; lineEnding = 0; name = PanafallViewController.swift; path = xSDR6000/Sources/Panafall/PanafallViewController.swift; sourceTree = SOURCE_ROOT; xcLanguageSpecificationIdentifier = xcode.lang.swift; };
		91FADDFD1F4A763300DEC52B /* BandButtonViewController.swift */ = {isa = PBXFileReference; fileEncoding = 4; lastKnownFileType = sourcecode.swift; lineEnding = 0; name = BandButtonViewController.swift; path = xSDR6000/Sources/Buttons/BandButtonViewController.swift; sourceTree = SOURCE_ROOT; xcLanguageSpecificationIdentifier = xcode.lang.swift; };
		91FADDFF1F4A765A00DEC52B /* PCWViewController.swift */ = {isa = PBXFileReference; fileEncoding = 4; lastKnownFileType = sourcecode.swift; lineEnding = 0; name = PCWViewController.swift; path = xSDR6000/Sources/Side/PCWViewController.swift; sourceTree = SOURCE_ROOT; xcLanguageSpecificationIdentifier = xcode.lang.swift; };
		91FADE001F4A765A00DEC52B /* PhoneViewController.swift */ = {isa = PBXFileReference; fileEncoding = 4; lastKnownFileType = sourcecode.swift; lineEnding = 0; name = PhoneViewController.swift; path = xSDR6000/Sources/Side/PhoneViewController.swift; sourceTree = SOURCE_ROOT; xcLanguageSpecificationIdentifier = xcode.lang.swift; };
		91FADE011F4A765A00DEC52B /* RxViewController.swift */ = {isa = PBXFileReference; fileEncoding = 4; lastKnownFileType = sourcecode.swift; lineEnding = 0; name = RxViewController.swift; path = xSDR6000/Sources/Side/RxViewController.swift; sourceTree = SOURCE_ROOT; xcLanguageSpecificationIdentifier = xcode.lang.swift; };
		91FADE021F4A765A00DEC52B /* Side.storyboard */ = {isa = PBXFileReference; fileEncoding = 4; lastKnownFileType = file.storyboard; name = Side.storyboard; path = xSDR6000/Sources/Side/Side.storyboard; sourceTree = SOURCE_ROOT; };
		91FADE031F4A765A00DEC52B /* SideViewController.swift */ = {isa = PBXFileReference; fileEncoding = 4; lastKnownFileType = sourcecode.swift; lineEnding = 0; name = SideViewController.swift; path = xSDR6000/Sources/Side/SideViewController.swift; sourceTree = SOURCE_ROOT; xcLanguageSpecificationIdentifier = xcode.lang.swift; };
		91FADE091F4A769400DEC52B /* EqViewController.swift */ = {isa = PBXFileReference; fileEncoding = 4; lastKnownFileType = sourcecode.swift; lineEnding = 0; name = EqViewController.swift; path = xSDR6000/Sources/Side/EqViewController.swift; sourceTree = SOURCE_ROOT; xcLanguageSpecificationIdentifier = xcode.lang.swift; };
		91FADE191F4A76FB00DEC52B /* ColorsViewController.swift */ = {isa = PBXFileReference; fileEncoding = 4; lastKnownFileType = sourcecode.swift; lineEnding = 0; name = ColorsViewController.swift; path = xSDR6000/Sources/Preferences/ColorsViewController.swift; sourceTree = SOURCE_ROOT; xcLanguageSpecificationIdentifier = xcode.lang.swift; };
		91FADE1A1F4A76FB00DEC52B /* PreferencesTabViewController.swift */ = {isa = PBXFileReference; fileEncoding = 4; lastKnownFileType = sourcecode.swift; lineEnding = 0; name = PreferencesTabViewController.swift; path = xSDR6000/Sources/Preferences/PreferencesTabViewController.swift; sourceTree = SOURCE_ROOT; xcLanguageSpecificationIdentifier = xcode.lang.swift; };
		91FADE1D1F4A771800DEC52B /* FlagViewController.xib */ = {isa = PBXFileReference; fileEncoding = 4; lastKnownFileType = file.xib; name = FlagViewController.xib; path = xSDR6000/Sources/Xibs/FlagViewController.xib; sourceTree = SOURCE_ROOT; };
		91FADE1F1F4A775400DEC52B /* Basic.tex */ = {isa = PBXFileReference; lastKnownFileType = file; name = Basic.tex; path = xSDR6000/Sources/Gradients/Basic.tex; sourceTree = SOURCE_ROOT; };
		91FADE201F4A775400DEC52B /* Dark.tex */ = {isa = PBXFileReference; lastKnownFileType = file; name = Dark.tex; path = xSDR6000/Sources/Gradients/Dark.tex; sourceTree = SOURCE_ROOT; };
		91FADE211F4A775400DEC52B /* Deuteranopia.tex */ = {isa = PBXFileReference; lastKnownFileType = file; name = Deuteranopia.tex; path = xSDR6000/Sources/Gradients/Deuteranopia.tex; sourceTree = SOURCE_ROOT; };
		91FADE221F4A775400DEC52B /* Grayscale.tex */ = {isa = PBXFileReference; lastKnownFileType = file; name = Grayscale.tex; path = xSDR6000/Sources/Gradients/Grayscale.tex; sourceTree = SOURCE_ROOT; };
		91FADE231F4A775400DEC52B /* Purple.tex */ = {isa = PBXFileReference; lastKnownFileType = file; name = Purple.tex; path = xSDR6000/Sources/Gradients/Purple.tex; sourceTree = SOURCE_ROOT; };
		91FADE241F4A775400DEC52B /* Tritanopia.tex */ = {isa = PBXFileReference; lastKnownFileType = file; name = Tritanopia.tex; path = xSDR6000/Sources/Gradients/Tritanopia.tex; sourceTree = SOURCE_ROOT; };
		91FADE2D1F4A778700DEC52B /* OpenGLTools.swift */ = {isa = PBXFileReference; fileEncoding = 4; lastKnownFileType = sourcecode.swift; lineEnding = 0; name = OpenGLTools.swift; path = xSDR6000/Sources/OpenGL/OpenGLTools.swift; sourceTree = SOURCE_ROOT; xcLanguageSpecificationIdentifier = xcode.lang.swift; };
		91FADE2E1F4A778700DEC52B /* Panadapter.fsh */ = {isa = PBXFileReference; fileEncoding = 4; lastKnownFileType = sourcecode.glsl; lineEnding = 0; name = Panadapter.fsh; path = xSDR6000/Sources/OpenGL/Panadapter.fsh; sourceTree = SOURCE_ROOT; xcLanguageSpecificationIdentifier = xcode.lang.glsl; };
		91FADE2F1F4A778700DEC52B /* Panadapter.vsh */ = {isa = PBXFileReference; fileEncoding = 4; lastKnownFileType = sourcecode.glsl; lineEnding = 0; name = Panadapter.vsh; path = xSDR6000/Sources/OpenGL/Panadapter.vsh; sourceTree = SOURCE_ROOT; xcLanguageSpecificationIdentifier = xcode.lang.glsl; };
		91FADE301F4A778700DEC52B /* Waterfall.fsh */ = {isa = PBXFileReference; fileEncoding = 4; lastKnownFileType = sourcecode.glsl; lineEnding = 0; name = Waterfall.fsh; path = xSDR6000/Sources/OpenGL/Waterfall.fsh; sourceTree = SOURCE_ROOT; xcLanguageSpecificationIdentifier = xcode.lang.glsl; };
		91FADE311F4A778700DEC52B /* Waterfall.vsh */ = {isa = PBXFileReference; fileEncoding = 4; lastKnownFileType = sourcecode.glsl; lineEnding = 0; name = Waterfall.vsh; path = xSDR6000/Sources/OpenGL/Waterfall.vsh; sourceTree = SOURCE_ROOT; xcLanguageSpecificationIdentifier = xcode.lang.glsl; };
		91FADE371F4A77A200DEC52B /* Assets.xcassets */ = {isa = PBXFileReference; lastKnownFileType = folder.assetcatalog; name = Assets.xcassets; path = xSDR6000/Assets.xcassets; sourceTree = SOURCE_ROOT; };
		91FADE501F4A781800DEC52B /* OpusManager.swift */ = {isa = PBXFileReference; fileEncoding = 4; lastKnownFileType = sourcecode.swift; lineEnding = 0; name = OpusManager.swift; path = xSDR6000/Sources/Misc/OpusManager.swift; sourceTree = SOURCE_ROOT; xcLanguageSpecificationIdentifier = xcode.lang.swift; };
		91FADE511F4A781800DEC52B /* ParameterMonitor.swift */ = {isa = PBXFileReference; fileEncoding = 4; lastKnownFileType = sourcecode.swift; lineEnding = 0; name = ParameterMonitor.swift; path = xSDR6000/Sources/Misc/ParameterMonitor.swift; sourceTree = SOURCE_ROOT; xcLanguageSpecificationIdentifier = xcode.lang.swift; };
		91FADE541F4A782F00DEC52B /* Band.swift */ = {isa = PBXFileReference; fileEncoding = 4; lastKnownFileType = sourcecode.swift; lineEnding = 0; name = Band.swift; path = xSDR6000/Sources/Misc/Band.swift; sourceTree = SOURCE_ROOT; xcLanguageSpecificationIdentifier = xcode.lang.swift; };
		91FADE551F4A782F00DEC52B /* BandSegments.plist */ = {isa = PBXFileReference; fileEncoding = 4; lastKnownFileType = text.plist.xml; name = BandSegments.plist; path = xSDR6000/Sources/Misc/BandSegments.plist; sourceTree = SOURCE_ROOT; };
		91FADE581F4A784300DEC52B /* Defaults.plist */ = {isa = PBXFileReference; fileEncoding = 4; lastKnownFileType = text.plist.xml; name = Defaults.plist; path = xSDR6000/Sources/Misc/Defaults.plist; sourceTree = SOURCE_ROOT; };
		91FADE591F4A784300DEC52B /* Filters.plist */ = {isa = PBXFileReference; fileEncoding = 4; lastKnownFileType = text.plist.xml; name = Filters.plist; path = xSDR6000/Sources/Misc/Filters.plist; sourceTree = SOURCE_ROOT; };
		91FADE5D1F4A7A2400DEC52B /* Base */ = {isa = PBXFileReference; lastKnownFileType = file.storyboard; name = Base; path = xSDR6000/Base.lproj/Main.storyboard; sourceTree = SOURCE_ROOT; };
		91FADE601F4A7A3E00DEC52B /* Base */ = {isa = PBXFileReference; lastKnownFileType = file.storyboard; name = Base; path = xSDR6000/Base.lproj/Panafall.storyboard; sourceTree = SOURCE_ROOT; };
		91FADE631F4A7A4F00DEC52B /* Base */ = {isa = PBXFileReference; lastKnownFileType = file.storyboard; name = Base; path = xSDR6000/Base.lproj/Preferences.storyboard; sourceTree = SOURCE_ROOT; };
		91FADE671F4B1A2A00DEC52B /* README.md */ = {isa = PBXFileReference; fileEncoding = 4; lastKnownFileType = net.daringfireball.markdown; path = README.md; sourceTree = "<group>"; };
/* End PBXFileReference section */

/* Begin PBXFrameworksBuildPhase section */
		91B16FD41CDF7F5E00600E02 /* Frameworks */ = {
			isa = PBXFrameworksBuildPhase;
			buildActionMask = 2147483647;
			files = (
			);
			runOnlyForDeploymentPostprocessing = 0;
		};
/* End PBXFrameworksBuildPhase section */

/* Begin PBXGroup section */
		911AF72E1D0C6C8F00DCC20B /* Panafall */ = {
			isa = PBXGroup;
			children = (
				91FADE5F1F4A7A3E00DEC52B /* Panafall.storyboard */,
				91FADDF31F4A75AE00DEC52B /* FlagViewController.swift */,
				91FADDF41F4A75AE00DEC52B /* PanafallButtonView.swift */,
				91FADDF51F4A75AE00DEC52B /* PanafallButtonViewController.swift */,
				91FADDF61F4A75AE00DEC52B /* PanafallsViewController.swift */,
				91FADDF71F4A75AE00DEC52B /* PanafallViewController.swift */,
			);
			name = Panafall;
			sourceTree = "<group>";
		};
		91473E631CF7E20E00DE2ADF /* Panadapter */ = {
			isa = PBXGroup;
			children = (
				9172DC921F86CA030001C58C /* PanadapterView.swift */,
				91E1705C1F8280FD009E7DF3 /* PanadapterViewController.swift */,
				91E170591F8280FD009E7DF3 /* PanadapterLayer.swift */,
				91E1705B1F8280FD009E7DF3 /* DbLayer.swift */,
				91E170631F82814B009E7DF3 /* FrequencyLayer.swift */,
				91E170571F8280FD009E7DF3 /* SliceLayer.swift */,
				91E170581F8280FD009E7DF3 /* TnfLayer.swift */,
				91E1705A1F8280FD009E7DF3 /* PanadapterShaders.metal */,
			);
			name = Panadapter;
			sourceTree = "<group>";
		};
		91473E641CF7E22400DE2ADF /* Waterfall */ = {
			isa = PBXGroup;
			children = (
				916CF6CA1F89B14000AE4ABA /* WaterfallView.swift */,
				916CF6C81F89B04000AE4ABA /* WaterfallViewController.swift */,
				916CF6CC1F89B32900AE4ABA /* WaterfallLayer.swift */,
				916CF6CE1F89B35A00AE4ABA /* TimeLayer.swift */,
				9124E1C21F8BF27100B50F6C /* WaterfallShaders.metal */,
			);
			name = Waterfall;
			sourceTree = "<group>";
		};
		91682E461F49EC9700B6ADBE /* Documentation */ = {
			isa = PBXGroup;
			children = (
			);
			name = Documentation;
			sourceTree = "<group>";
		};
		9188A3CB1CFF012D003F05A3 /* Side */ = {
			isa = PBXGroup;
			children = (
				91FADE091F4A769400DEC52B /* EqViewController.swift */,
				91FADDFF1F4A765A00DEC52B /* PCWViewController.swift */,
				91FADE001F4A765A00DEC52B /* PhoneViewController.swift */,
				91FADE011F4A765A00DEC52B /* RxViewController.swift */,
				91FADE021F4A765A00DEC52B /* Side.storyboard */,
				91FADE031F4A765A00DEC52B /* SideViewController.swift */,
			);
			name = Side;
			sourceTree = "<group>";
		};
		9188A3CD1CFF01BA003F05A3 /* Buttons */ = {
			isa = PBXGroup;
			children = (
				91FADDFD1F4A763300DEC52B /* BandButtonViewController.swift */,
			);
			name = Buttons;
			sourceTree = "<group>";
		};
		9188A3CE1CFF01F9003F05A3 /* Preferences */ = {
			isa = PBXGroup;
			children = (
				91FADE621F4A7A4F00DEC52B /* Preferences.storyboard */,
				91FADE191F4A76FB00DEC52B /* ColorsViewController.swift */,
				91FADE1A1F4A76FB00DEC52B /* PreferencesTabViewController.swift */,
			);
			name = Preferences;
			sourceTree = "<group>";
		};
		91B16FCE1CDF7F5E00600E02 = {
			isa = PBXGroup;
			children = (
				91C2067E1F67811500581284 /* AudioLibrary.framework */,
				91C2067F1F67811500581284 /* ObjcExceptionBridging.framework */,
				91C206801F67811500581284 /* OpusOSX.framework */,
				91C206811F67811500581284 /* SwiftyUserDefaults.framework */,
				91C206821F67811500581284 /* XCGLogger.framework */,
				91C206831F67811500581284 /* xLib6000.framework */,
				91FADE671F4B1A2A00DEC52B /* README.md */,
				91B16FD91CDF7F5E00600E02 /* xSDR6000 */,
				91B16FD81CDF7F5E00600E02 /* Products */,
				91ED52501E1EE5390086A56D /* Frameworks */,
			);
			sourceTree = "<group>";
		};
		91B16FD81CDF7F5E00600E02 /* Products */ = {
			isa = PBXGroup;
			children = (
				91B16FD71CDF7F5E00600E02 /* xSDR6000.app */,
			);
			name = Products;
			sourceTree = "<group>";
		};
		91B16FD91CDF7F5E00600E02 /* xSDR6000 */ = {
			isa = PBXGroup;
			children = (
				91B3D30A1F915DDD003132CB /* BlackTexture.png */,
				91FADE371F4A77A200DEC52B /* Assets.xcassets */,
				91FADDE61F4A74FB00DEC52B /* AppDelegate.swift */,
				91FADDE71F4A74FB00DEC52B /* Extensions.swift */,
				91FADDE81F4A74FB00DEC52B /* Info.plist */,
				91B171141CDF86F500600E02 /* Radio */,
				911AF72E1D0C6C8F00DCC20B /* Panafall */,
				9188A3CD1CFF01BA003F05A3 /* Buttons */,
				9188A3CB1CFF012D003F05A3 /* Side */,
				91473E631CF7E20E00DE2ADF /* Panadapter */,
				91473E641CF7E22400DE2ADF /* Waterfall */,
				9188A3CE1CFF01F9003F05A3 /* Preferences */,
				91B171131CDF86C600600E02 /* Xibs */,
				91B171151CDF872000600E02 /* Gradients */,
				91B171171CDF876D00600E02 /* OpenGL */,
				91682E461F49EC9700B6ADBE /* Documentation */,
				91B1711A1CDF87CB00600E02 /* Misc */,
			);
			name = xSDR6000;
			path = xFlex;
			sourceTree = "<group>";
		};
		91B171131CDF86C600600E02 /* Xibs */ = {
			isa = PBXGroup;
			children = (
				91FADE1D1F4A771800DEC52B /* FlagViewController.xib */,
			);
			name = Xibs;
			sourceTree = "<group>";
		};
		91B171141CDF86F500600E02 /* Radio */ = {
			isa = PBXGroup;
			children = (
				91FADE5C1F4A7A2400DEC52B /* Main.storyboard */,
				91FADDED1F4A754100DEC52B /* MainWindowController.swift */,
				91FADDEE1F4A754100DEC52B /* RadioPickerViewController.swift */,
				91FADDEF1F4A754100DEC52B /* RadioViewController.swift */,
			);
			name = Radio;
			sourceTree = "<group>";
		};
		91B171151CDF872000600E02 /* Gradients */ = {
			isa = PBXGroup;
			children = (
				91FADE1F1F4A775400DEC52B /* Basic.tex */,
				91FADE201F4A775400DEC52B /* Dark.tex */,
				91FADE211F4A775400DEC52B /* Deuteranopia.tex */,
				91FADE221F4A775400DEC52B /* Grayscale.tex */,
				91FADE231F4A775400DEC52B /* Purple.tex */,
				91FADE241F4A775400DEC52B /* Tritanopia.tex */,
				91329A8B1F4F52410095DAE2 /* Gradient.swift */,
			);
			name = Gradients;
			sourceTree = "<group>";
		};
		91B171171CDF876D00600E02 /* OpenGL */ = {
			isa = PBXGroup;
			children = (
				91FADE2D1F4A778700DEC52B /* OpenGLTools.swift */,
				91FADE2E1F4A778700DEC52B /* Panadapter.fsh */,
				91FADE2F1F4A778700DEC52B /* Panadapter.vsh */,
				91FADE301F4A778700DEC52B /* Waterfall.fsh */,
				91FADE311F4A778700DEC52B /* Waterfall.vsh */,
			);
			name = OpenGL;
			sourceTree = "<group>";
		};
		91B1711A1CDF87CB00600E02 /* Misc */ = {
			isa = PBXGroup;
			children = (
				91FADE581F4A784300DEC52B /* Defaults.plist */,
				91FADE591F4A784300DEC52B /* Filters.plist */,
				91FADE541F4A782F00DEC52B /* Band.swift */,
				91FADE551F4A782F00DEC52B /* BandSegments.plist */,
				91FADE501F4A781800DEC52B /* OpusManager.swift */,
				91FADE511F4A781800DEC52B /* ParameterMonitor.swift */,
			);
			name = Misc;
			sourceTree = "<group>";
		};
		91ED52501E1EE5390086A56D /* Frameworks */ = {
			isa = PBXGroup;
			children = (
			);
			name = Frameworks;
			sourceTree = "<group>";
		};
/* End PBXGroup section */

/* Begin PBXNativeTarget section */
		91B16FD61CDF7F5E00600E02 /* xSDR6000 */ = {
			isa = PBXNativeTarget;
			buildConfigurationList = 91B16FE61CDF7F5E00600E02 /* Build configuration list for PBXNativeTarget "xSDR6000" */;
			buildPhases = (
				91B16FD31CDF7F5E00600E02 /* Sources */,
				91B16FD41CDF7F5E00600E02 /* Frameworks */,
				91B16FD51CDF7F5E00600E02 /* Resources */,
				91533CE41E230578003CEEBA /* ShellScript */,
				917281161EDDFF1100E6B708 /* Embed Frameworks */,
			);
			buildRules = (
			);
			dependencies = (
			);
			name = xSDR6000;
			productName = xFlex;
			productReference = 91B16FD71CDF7F5E00600E02 /* xSDR6000.app */;
			productType = "com.apple.product-type.application";
		};
/* End PBXNativeTarget section */

/* Begin PBXProject section */
		91B16FCF1CDF7F5E00600E02 /* Project object */ = {
			isa = PBXProject;
			attributes = {
				LastSwiftUpdateCheck = 0730;
				LastUpgradeCheck = 0900;
				ORGANIZATIONNAME = "Douglas Adams";
				TargetAttributes = {
					91B16FD61CDF7F5E00600E02 = {
						CreatedOnToolsVersion = 7.3.1;
						LastSwiftMigration = 0820;
					};
				};
			};
			buildConfigurationList = 91B16FD21CDF7F5E00600E02 /* Build configuration list for PBXProject "xSDR6000" */;
			compatibilityVersion = "Xcode 3.2";
			developmentRegion = English;
			hasScannedForEncodings = 0;
			knownRegions = (
				en,
				Base,
			);
			mainGroup = 91B16FCE1CDF7F5E00600E02;
			productRefGroup = 91B16FD81CDF7F5E00600E02 /* Products */;
			projectDirPath = "";
			projectRoot = "";
			targets = (
				91B16FD61CDF7F5E00600E02 /* xSDR6000 */,
			);
		};
/* End PBXProject section */

/* Begin PBXResourcesBuildPhase section */
		91B16FD51CDF7F5E00600E02 /* Resources */ = {
			isa = PBXResourcesBuildPhase;
			buildActionMask = 2147483647;
			files = (
				91FADE291F4A775400DEC52B /* Grayscale.tex in Resources */,
				91FADE281F4A775400DEC52B /* Deuteranopia.tex in Resources */,
				91FADE5A1F4A784300DEC52B /* Defaults.plist in Resources */,
				91FADE641F4A7A4F00DEC52B /* Preferences.storyboard in Resources */,
				91FADE2A1F4A775400DEC52B /* Purple.tex in Resources */,
				91FADE1E1F4A771800DEC52B /* FlagViewController.xib in Resources */,
				91FADE2B1F4A775400DEC52B /* Tritanopia.tex in Resources */,
				91FADE271F4A775400DEC52B /* Dark.tex in Resources */,
				91FADE611F4A7A3E00DEC52B /* Panafall.storyboard in Resources */,
				91FADE351F4A778700DEC52B /* Waterfall.fsh in Resources */,
				91FADE5E1F4A7A2400DEC52B /* Main.storyboard in Resources */,
				91FADE331F4A778700DEC52B /* Panadapter.fsh in Resources */,
				91FADE381F4A77A200DEC52B /* Assets.xcassets in Resources */,
				91B3D30B1F915DDD003132CB /* BlackTexture.png in Resources */,
				91FADE261F4A775400DEC52B /* Basic.tex in Resources */,
				91FADE071F4A765A00DEC52B /* Side.storyboard in Resources */,
				91FADE5B1F4A784300DEC52B /* Filters.plist in Resources */,
				91FADE361F4A778700DEC52B /* Waterfall.vsh in Resources */,
				91FADE341F4A778700DEC52B /* Panadapter.vsh in Resources */,
				91FADE571F4A782F00DEC52B /* BandSegments.plist in Resources */,
			);
			runOnlyForDeploymentPostprocessing = 0;
		};
/* End PBXResourcesBuildPhase section */

/* Begin PBXShellScriptBuildPhase section */
		91533CE41E230578003CEEBA /* ShellScript */ = {
			isa = PBXShellScriptBuildPhase;
			buildActionMask = 2147483647;
			files = (
			);
			inputPaths = (
			);
			outputPaths = (
			);
			runOnlyForDeploymentPostprocessing = 0;
			shellPath = /bin/sh;
			shellScript = "buildNumber=$(/usr/libexec/PlistBuddy -c \"Print CFBundleVersion\" \"${PROJECT_DIR}/${INFOPLIST_FILE}\")\nbuildNumber=$(($buildNumber + 1))\n/usr/libexec/PlistBuddy -c \"Set :CFBundleVersion $buildNumber\" \"${PROJECT_DIR}/${INFOPLIST_FILE}\"";
		};
/* End PBXShellScriptBuildPhase section */

/* Begin PBXSourcesBuildPhase section */
		91B16FD31CDF7F5E00600E02 /* Sources */ = {
			isa = PBXSourcesBuildPhase;
			buildActionMask = 2147483647;
			files = (
				91E1705E1F8280FD009E7DF3 /* TnfLayer.swift in Sources */,
				916CF6CF1F89B35A00AE4ABA /* TimeLayer.swift in Sources */,
				91FADDEA1F4A74FB00DEC52B /* AppDelegate.swift in Sources */,
				91FADE041F4A765A00DEC52B /* PCWViewController.swift in Sources */,
				916CF6CB1F89B14000AE4ABA /* WaterfallView.swift in Sources */,
				91E1705D1F8280FD009E7DF3 /* SliceLayer.swift in Sources */,
				91FADDFB1F4A75AE00DEC52B /* PanafallsViewController.swift in Sources */,
				91E170611F8280FD009E7DF3 /* DbLayer.swift in Sources */,
				91FADE051F4A765A00DEC52B /* PhoneViewController.swift in Sources */,
				91FADE321F4A778700DEC52B /* OpenGLTools.swift in Sources */,
				91E1705F1F8280FD009E7DF3 /* PanadapterLayer.swift in Sources */,
				91FADE521F4A781800DEC52B /* OpusManager.swift in Sources */,
				9172DC931F86CA030001C58C /* PanadapterView.swift in Sources */,
				91329A8C1F4F52410095DAE2 /* Gradient.swift in Sources */,
				91FADDF11F4A754100DEC52B /* RadioPickerViewController.swift in Sources */,
				916CF6CD1F89B32900AE4ABA /* WaterfallLayer.swift in Sources */,
				91FADDF91F4A75AE00DEC52B /* PanafallButtonView.swift in Sources */,
				91FADE561F4A782F00DEC52B /* Band.swift in Sources */,
				91FADDFA1F4A75AE00DEC52B /* PanafallButtonViewController.swift in Sources */,
				9124E1C31F8BF27100B50F6C /* WaterfallShaders.metal in Sources */,
				91FADDFC1F4A75AE00DEC52B /* PanafallViewController.swift in Sources */,
				91FADDF01F4A754100DEC52B /* MainWindowController.swift in Sources */,
				91FADE0A1F4A769400DEC52B /* EqViewController.swift in Sources */,
				91FADE061F4A765A00DEC52B /* RxViewController.swift in Sources */,
				91FADDEB1F4A74FB00DEC52B /* Extensions.swift in Sources */,
				91E170621F8280FD009E7DF3 /* PanadapterViewController.swift in Sources */,
				91E170641F82814B009E7DF3 /* FrequencyLayer.swift in Sources */,
				91FADDF81F4A75AE00DEC52B /* FlagViewController.swift in Sources */,
				91FADDFE1F4A763300DEC52B /* BandButtonViewController.swift in Sources */,
				916CF6C91F89B04000AE4ABA /* WaterfallViewController.swift in Sources */,
				91FADE081F4A765A00DEC52B /* SideViewController.swift in Sources */,
				91FADE531F4A781800DEC52B /* ParameterMonitor.swift in Sources */,
				91FADE1C1F4A76FB00DEC52B /* PreferencesTabViewController.swift in Sources */,
				91FADDF21F4A754100DEC52B /* RadioViewController.swift in Sources */,
				91E170601F8280FD009E7DF3 /* PanadapterShaders.metal in Sources */,
				91FADE1B1F4A76FB00DEC52B /* ColorsViewController.swift in Sources */,
			);
			runOnlyForDeploymentPostprocessing = 0;
		};
/* End PBXSourcesBuildPhase section */

/* Begin PBXVariantGroup section */
		91FADE5C1F4A7A2400DEC52B /* Main.storyboard */ = {
			isa = PBXVariantGroup;
			children = (
				91FADE5D1F4A7A2400DEC52B /* Base */,
			);
			name = Main.storyboard;
			sourceTree = "<group>";
		};
		91FADE5F1F4A7A3E00DEC52B /* Panafall.storyboard */ = {
			isa = PBXVariantGroup;
			children = (
				91FADE601F4A7A3E00DEC52B /* Base */,
			);
			name = Panafall.storyboard;
			sourceTree = "<group>";
		};
		91FADE621F4A7A4F00DEC52B /* Preferences.storyboard */ = {
			isa = PBXVariantGroup;
			children = (
				91FADE631F4A7A4F00DEC52B /* Base */,
			);
			name = Preferences.storyboard;
			sourceTree = "<group>";
		};
/* End PBXVariantGroup section */

/* Begin XCBuildConfiguration section */
		91B16FE41CDF7F5E00600E02 /* Debug */ = {
			isa = XCBuildConfiguration;
			buildSettings = {
				ALWAYS_SEARCH_USER_PATHS = NO;
				CLANG_ANALYZER_NONNULL = YES;
				CLANG_CXX_LANGUAGE_STANDARD = "gnu++0x";
				CLANG_CXX_LIBRARY = "libc++";
				CLANG_ENABLE_MODULES = YES;
				CLANG_ENABLE_OBJC_ARC = YES;
				CLANG_STATIC_ANALYZER_MODE = shallow;
				CLANG_WARN_BLOCK_CAPTURE_AUTORELEASING = YES;
				CLANG_WARN_BOOL_CONVERSION = YES;
				CLANG_WARN_COMMA = YES;
				CLANG_WARN_CONSTANT_CONVERSION = YES;
				CLANG_WARN_DIRECT_OBJC_ISA_USAGE = YES_ERROR;
				CLANG_WARN_EMPTY_BODY = YES;
				CLANG_WARN_ENUM_CONVERSION = YES;
				CLANG_WARN_INFINITE_RECURSION = YES;
				CLANG_WARN_INT_CONVERSION = YES;
				CLANG_WARN_NON_LITERAL_NULL_CONVERSION = YES;
				CLANG_WARN_OBJC_LITERAL_CONVERSION = YES;
				CLANG_WARN_OBJC_ROOT_CLASS = YES_ERROR;
				CLANG_WARN_RANGE_LOOP_ANALYSIS = YES;
				CLANG_WARN_STRICT_PROTOTYPES = YES;
				CLANG_WARN_SUSPICIOUS_MOVE = YES;
				CLANG_WARN_UNREACHABLE_CODE = YES;
				CLANG_WARN__DUPLICATE_METHOD_MATCH = YES;
				CODE_SIGN_IDENTITY = "-";
				COPY_PHASE_STRIP = NO;
				DEBUG_INFORMATION_FORMAT = dwarf;
				ENABLE_STRICT_OBJC_MSGSEND = YES;
				ENABLE_TESTABILITY = YES;
				GCC_C_LANGUAGE_STANDARD = gnu99;
				GCC_DYNAMIC_NO_PIC = NO;
				GCC_NO_COMMON_BLOCKS = YES;
				GCC_OPTIMIZATION_LEVEL = 0;
				GCC_PREPROCESSOR_DEFINITIONS = (
					"DEBUG=1",
					"$(inherited)",
				);
				GCC_WARN_64_TO_32_BIT_CONVERSION = YES;
				GCC_WARN_ABOUT_RETURN_TYPE = YES_ERROR;
				GCC_WARN_UNDECLARED_SELECTOR = YES;
				GCC_WARN_UNINITIALIZED_AUTOS = YES_AGGRESSIVE;
				GCC_WARN_UNUSED_FUNCTION = YES;
				GCC_WARN_UNUSED_VARIABLE = YES;
				MACOSX_DEPLOYMENT_TARGET = 10.11;
				MTL_ENABLE_DEBUG_INFO = YES;
				ONLY_ACTIVE_ARCH = YES;
				RUN_CLANG_STATIC_ANALYZER = NO;
				SDKROOT = macosx;
				SWIFT_OPTIMIZATION_LEVEL = "-Onone";
			};
			name = Debug;
		};
		91B16FE51CDF7F5E00600E02 /* Release */ = {
			isa = XCBuildConfiguration;
			buildSettings = {
				ALWAYS_SEARCH_USER_PATHS = NO;
				CLANG_ANALYZER_NONNULL = YES;
				CLANG_CXX_LANGUAGE_STANDARD = "gnu++0x";
				CLANG_CXX_LIBRARY = "libc++";
				CLANG_ENABLE_MODULES = YES;
				CLANG_ENABLE_OBJC_ARC = YES;
				CLANG_STATIC_ANALYZER_MODE = shallow;
				CLANG_WARN_BLOCK_CAPTURE_AUTORELEASING = YES;
				CLANG_WARN_BOOL_CONVERSION = YES;
				CLANG_WARN_COMMA = YES;
				CLANG_WARN_CONSTANT_CONVERSION = YES;
				CLANG_WARN_DIRECT_OBJC_ISA_USAGE = YES_ERROR;
				CLANG_WARN_EMPTY_BODY = YES;
				CLANG_WARN_ENUM_CONVERSION = YES;
				CLANG_WARN_INFINITE_RECURSION = YES;
				CLANG_WARN_INT_CONVERSION = YES;
				CLANG_WARN_NON_LITERAL_NULL_CONVERSION = YES;
				CLANG_WARN_OBJC_LITERAL_CONVERSION = YES;
				CLANG_WARN_OBJC_ROOT_CLASS = YES_ERROR;
				CLANG_WARN_RANGE_LOOP_ANALYSIS = YES;
				CLANG_WARN_STRICT_PROTOTYPES = YES;
				CLANG_WARN_SUSPICIOUS_MOVE = YES;
				CLANG_WARN_UNREACHABLE_CODE = YES;
				CLANG_WARN__DUPLICATE_METHOD_MATCH = YES;
				CODE_SIGN_IDENTITY = "-";
				COPY_PHASE_STRIP = NO;
				DEBUG_INFORMATION_FORMAT = "dwarf-with-dsym";
				ENABLE_NS_ASSERTIONS = NO;
				ENABLE_STRICT_OBJC_MSGSEND = YES;
				GCC_C_LANGUAGE_STANDARD = gnu99;
				GCC_NO_COMMON_BLOCKS = YES;
				GCC_WARN_64_TO_32_BIT_CONVERSION = YES;
				GCC_WARN_ABOUT_RETURN_TYPE = YES_ERROR;
				GCC_WARN_UNDECLARED_SELECTOR = YES;
				GCC_WARN_UNINITIALIZED_AUTOS = YES_AGGRESSIVE;
				GCC_WARN_UNUSED_FUNCTION = YES;
				GCC_WARN_UNUSED_VARIABLE = YES;
				MACOSX_DEPLOYMENT_TARGET = 10.11;
				MTL_ENABLE_DEBUG_INFO = NO;
				RUN_CLANG_STATIC_ANALYZER = NO;
				SDKROOT = macosx;
			};
			name = Release;
		};
		91B16FE71CDF7F5E00600E02 /* Debug */ = {
			isa = XCBuildConfiguration;
			buildSettings = {
				ASSETCATALOG_COMPILER_APPICON_NAME = AppIcon;
				CLANG_ENABLE_MODULES = YES;
				CODE_SIGN_IDENTITY = "";
				COMBINE_HIDPI_IMAGES = YES;
				CURRENT_PROJECT_VERSION = 1;
				FRAMEWORK_SEARCH_PATHS = (
					"$(inherited)",
					"$(PROJECT_DIR)",
				);
				INFOPLIST_FILE = xSDR6000/Info.plist;
				LD_RUNPATH_SEARCH_PATHS = "$(inherited) @executable_path/../Frameworks";
				LIBRARY_SEARCH_PATHS = "$(inherited)";
				MACOSX_DEPLOYMENT_TARGET = 10.11;
				PRODUCT_BUNDLE_IDENTIFIER = net.k3tzr.xSDR6000;
				PRODUCT_NAME = "$(TARGET_NAME)";
				SWIFT_ACTIVE_COMPILATION_CONDITIONS = DEBUG;
				SWIFT_OBJC_BRIDGING_HEADER = "";
				SWIFT_OPTIMIZATION_LEVEL = "-Onone";
				SWIFT_SWIFT3_OBJC_INFERENCE = Off;
				SWIFT_VERSION = 3.0;
				VERSIONING_SYSTEM = "apple-generic";
			};
			name = Debug;
		};
		91B16FE81CDF7F5E00600E02 /* Release */ = {
			isa = XCBuildConfiguration;
			buildSettings = {
				ASSETCATALOG_COMPILER_APPICON_NAME = AppIcon;
				CLANG_ENABLE_MODULES = YES;
				CODE_SIGN_IDENTITY = "";
				COMBINE_HIDPI_IMAGES = YES;
				CURRENT_PROJECT_VERSION = 1;
				FRAMEWORK_SEARCH_PATHS = (
					"$(inherited)",
					"$(PROJECT_DIR)",
				);
				INFOPLIST_FILE = xSDR6000/Info.plist;
				LD_RUNPATH_SEARCH_PATHS = "$(inherited) @executable_path/../Frameworks";
				LIBRARY_SEARCH_PATHS = "$(inherited)";
				MACOSX_DEPLOYMENT_TARGET = 10.11;
				PRODUCT_BUNDLE_IDENTIFIER = net.k3tzr.xSDR6000;
				PRODUCT_NAME = "$(TARGET_NAME)";
				SWIFT_OBJC_BRIDGING_HEADER = "";
				SWIFT_OPTIMIZATION_LEVEL = "-Owholemodule";
				SWIFT_SWIFT3_OBJC_INFERENCE = Off;
				SWIFT_VERSION = 3.0;
				VERSIONING_SYSTEM = "apple-generic";
			};
			name = Release;
		};
/* End XCBuildConfiguration section */

/* Begin XCConfigurationList section */
		91B16FD21CDF7F5E00600E02 /* Build configuration list for PBXProject "xSDR6000" */ = {
			isa = XCConfigurationList;
			buildConfigurations = (
				91B16FE41CDF7F5E00600E02 /* Debug */,
				91B16FE51CDF7F5E00600E02 /* Release */,
			);
			defaultConfigurationIsVisible = 0;
			defaultConfigurationName = Release;
		};
		91B16FE61CDF7F5E00600E02 /* Build configuration list for PBXNativeTarget "xSDR6000" */ = {
			isa = XCConfigurationList;
			buildConfigurations = (
				91B16FE71CDF7F5E00600E02 /* Debug */,
				91B16FE81CDF7F5E00600E02 /* Release */,
			);
			defaultConfigurationIsVisible = 0;
			defaultConfigurationName = Release;
		};
/* End XCConfigurationList section */
	};
	rootObject = 91B16FCF1CDF7F5E00600E02 /* Project object */;
}
